<?xml version="1.0" encoding="utf-8"?>
<Project ToolsVersion="4.0" xmlns="http://schemas.microsoft.com/developer/msbuild/2003">
  <ItemGroup>
    <Filter Include="00.Manager">
      <UniqueIdentifier>{5c6adc5f-0027-4e56-be51-4f2d7cd740fd}</UniqueIdentifier>
    </Filter>
    <Filter Include="99.Header">
      <UniqueIdentifier>{6ec13f8d-148f-44f7-8d9b-b692767fa2b9}</UniqueIdentifier>
    </Filter>
    <Filter Include="00.Manager\01.GraphicDev">
      <UniqueIdentifier>{6801f012-d62a-47cc-8624-5f359c3bdb11}</UniqueIdentifier>
    </Filter>
    <Filter Include="00.Manager\02.TimerMgr">
      <UniqueIdentifier>{b34caade-4fc1-4ace-b71d-1e4d021242d7}</UniqueIdentifier>
    </Filter>
    <Filter Include="00.Manager\02.TimerMgr\01.Timer">
      <UniqueIdentifier>{ba15f53e-32f2-4261-9c74-28575379ade8}</UniqueIdentifier>
    </Filter>
    <Filter Include="00.Manager\03.FrameMgr">
      <UniqueIdentifier>{0df80955-e420-4d6d-9ea0-f2bac63eedd8}</UniqueIdentifier>
    </Filter>
    <Filter Include="00.Manager\03.FrameMgr\01Frame">
      <UniqueIdentifier>{c541160b-a837-4575-9154-68cc14b657db}</UniqueIdentifier>
    </Filter>
    <Filter Include="00.Manager\04.Management">
      <UniqueIdentifier>{62ad449f-66de-4c67-9ba2-c599b7fa3336}</UniqueIdentifier>
    </Filter>
    <Filter Include="00.Manager\04.Management\01.Scene">
      <UniqueIdentifier>{08a0634b-5f90-4c84-bbbc-9eafdb2ea36f}</UniqueIdentifier>
    </Filter>
    <Filter Include="00.Manager\04.Management\02.Layer">
      <UniqueIdentifier>{39bb56a5-3419-4f3c-9f44-00d79a3a308f}</UniqueIdentifier>
    </Filter>
    <Filter Include="00.Manager\04.Management\03.GameObject">
      <UniqueIdentifier>{beca4a69-3e35-4944-9796-d5d318df7376}</UniqueIdentifier>
    </Filter>
    <Filter Include="00.Manager\04.Management\04.Component">
      <UniqueIdentifier>{0def839a-5d13-4e1f-b0f1-358c901208e9}</UniqueIdentifier>
    </Filter>
    <Filter Include="00.Manager\04.Management\04.Component\00.VIBuffer">
      <UniqueIdentifier>{7f56de9c-1658-457e-9529-8c7e10790d58}</UniqueIdentifier>
    </Filter>
    <Filter Include="00.Manager\04.Management\04.Component\00.VIBuffer\00.TriCol">
      <UniqueIdentifier>{5c97b7c3-ee36-4d60-a376-5078e1cade78}</UniqueIdentifier>
    </Filter>
  </ItemGroup>
  <ItemGroup>
    <ClInclude Include="..\Header\Engine_Define.h">
      <Filter>99.Header</Filter>
    </ClInclude>
    <ClInclude Include="..\Header\Engine_Enum.h">
      <Filter>99.Header</Filter>
    </ClInclude>
    <ClInclude Include="..\Header\Engine_Function.h">
      <Filter>99.Header</Filter>
    </ClInclude>
    <ClInclude Include="..\Header\Engine_Macro.h">
      <Filter>99.Header</Filter>
    </ClInclude>
    <ClInclude Include="..\Header\Engine_Struct.h">
      <Filter>99.Header</Filter>
    </ClInclude>
    <ClInclude Include="..\Header\Engine_Typedef.h">
      <Filter>99.Header</Filter>
    </ClInclude>
    <ClInclude Include="..\Header\GraphicDev.h">
      <Filter>00.Manager\01.GraphicDev</Filter>
    </ClInclude>
    <ClInclude Include="..\Header\Timer.h">
      <Filter>00.Manager\02.TimerMgr\01.Timer</Filter>
    </ClInclude>
    <ClInclude Include="..\Header\TimerMgr.h">
      <Filter>00.Manager\02.TimerMgr</Filter>
    </ClInclude>
    <ClInclude Include="..\Header\Frame.h">
      <Filter>00.Manager\03.FrameMgr\01Frame</Filter>
    </ClInclude>
    <ClInclude Include="..\Header\FrameMgr.h">
      <Filter>00.Manager\03.FrameMgr</Filter>
    </ClInclude>
    <ClInclude Include="..\Header\Management.h">
      <Filter>00.Manager\04.Management</Filter>
    </ClInclude>
    <ClInclude Include="..\Header\Scene.h">
      <Filter>00.Manager\04.Management\01.Scene</Filter>
    </ClInclude>
    <ClInclude Include="..\Header\Layer.h">
      <Filter>00.Manager\04.Management\02.Layer</Filter>
    </ClInclude>
    <ClInclude Include="..\Header\GameObject.h">
      <Filter>00.Manager\04.Management\03.GameObject</Filter>
    </ClInclude>
    <ClInclude Include="..\Header\Component.h">
      <Filter>00.Manager\04.Management\04.Component</Filter>
    </ClInclude>
    <ClInclude Include="..\Header\VIBuffer.h">
      <Filter>00.Manager\04.Management\04.Component\00.VIBuffer</Filter>
    </ClInclude>
    <ClInclude Include="..\Header\TriCol.h">
      <Filter>00.Manager\04.Management\04.Component\00.VIBuffer\00.TriCol</Filter>
    </ClInclude>
  </ItemGroup>
  <ItemGroup>
    <ClCompile Include="..\Code\GraphicDev.cpp">
      <Filter>00.Manager\01.GraphicDev</Filter>
    </ClCompile>
    <ClCompile Include="..\Code\Timer.cpp">
      <Filter>00.Manager\02.TimerMgr\01.Timer</Filter>
    </ClCompile>
    <ClCompile Include="..\Code\TimerMgr.cpp">
      <Filter>00.Manager\02.TimerMgr</Filter>
    </ClCompile>
    <ClCompile Include="..\Code\Frame.cpp">
      <Filter>00.Manager\03.FrameMgr\01Frame</Filter>
    </ClCompile>
    <ClCompile Include="..\Code\FrameMgr.cpp">
      <Filter>00.Manager\03.FrameMgr</Filter>
    </ClCompile>
    <ClCompile Include="..\Code\Management.cpp">
      <Filter>00.Manager\04.Management</Filter>
    </ClCompile>
    <ClCompile Include="..\Code\Scene.cpp">
      <Filter>00.Manager\04.Management\01.Scene</Filter>
    </ClCompile>
    <ClCompile Include="..\Code\Layer.cpp">
      <Filter>00.Manager\04.Management\02.Layer</Filter>
    </ClCompile>
    <ClCompile Include="..\Code\GameObject.cpp">
      <Filter>00.Manager\04.Management\03.GameObject</Filter>
    </ClCompile>
    <ClCompile Include="..\Code\Component.cpp">
      <Filter>00.Manager\04.Management\04.Component</Filter>
    </ClCompile>
    <ClCompile Include="..\Code\VIBuffer.cpp">
      <Filter>00.Manager\04.Management\04.Component\00.VIBuffer</Filter>
    </ClCompile>
    <ClCompile Include="..\Code\TriCol.cpp">
      <Filter>00.Manager\04.Management\04.Component\00.VIBuffer\00.TriCol</Filter>
    </ClCompile>
  </ItemGroup>
</Project>